// !$*UTF8*$!
{
	archiveVersion = 1;
	classes = {
	};
	objectVersion = 51;
	objects = {

/* Begin PBXBuildFile section */
		87160E79259AC52F002E4D0A /* AppDelegate.swift in Sources */ = {isa = PBXBuildFile; fileRef = 87160E78259AC52F002E4D0A /* AppDelegate.swift */; };
		87160E7B259AC52F002E4D0A /* SceneDelegate.swift in Sources */ = {isa = PBXBuildFile; fileRef = 87160E7A259AC52F002E4D0A /* SceneDelegate.swift */; };
		87160E7D259AC52F002E4D0A /* ViewController.swift in Sources */ = {isa = PBXBuildFile; fileRef = 87160E7C259AC52F002E4D0A /* ViewController.swift */; };
		87160E80259AC52F002E4D0A /* Main.storyboard in Resources */ = {isa = PBXBuildFile; fileRef = 87160E7E259AC52F002E4D0A /* Main.storyboard */; };
		87160E82259AC530002E4D0A /* Assets.xcassets in Resources */ = {isa = PBXBuildFile; fileRef = 87160E81259AC530002E4D0A /* Assets.xcassets */; };
		87160E85259AC530002E4D0A /* LaunchScreen.storyboard in Resources */ = {isa = PBXBuildFile; fileRef = 87160E83259AC530002E4D0A /* LaunchScreen.storyboard */; };
		87160E8F259AC774002E4D0A /* ChartViewController.swift in Sources */ = {isa = PBXBuildFile; fileRef = 87160E8E259AC774002E4D0A /* ChartViewController.swift */; };
		9623244B8EDEFBFBB358F056 /* Pods_ChartDemo.framework in Frameworks */ = {isa = PBXBuildFile; fileRef = 4F1C1603D5D7601315DA3AFF /* Pods_ChartDemo.framework */; };
/* End PBXBuildFile section */

/* Begin PBXFileReference section */
		4F1C1603D5D7601315DA3AFF /* Pods_ChartDemo.framework */ = {isa = PBXFileReference; explicitFileType = wrapper.framework; includeInIndex = 0; path = Pods_ChartDemo.framework; sourceTree = BUILT_PRODUCTS_DIR; };
		87160E75259AC52F002E4D0A /* ChartDemo.app */ = {isa = PBXFileReference; explicitFileType = wrapper.application; includeInIndex = 0; path = ChartDemo.app; sourceTree = BUILT_PRODUCTS_DIR; };
		87160E78259AC52F002E4D0A /* AppDelegate.swift */ = {isa = PBXFileReference; lastKnownFileType = sourcecode.swift; path = AppDelegate.swift; sourceTree = "<group>"; };
		87160E7A259AC52F002E4D0A /* SceneDelegate.swift */ = {isa = PBXFileReference; lastKnownFileType = sourcecode.swift; path = SceneDelegate.swift; sourceTree = "<group>"; };
		87160E7C259AC52F002E4D0A /* ViewController.swift */ = {isa = PBXFileReference; lastKnownFileType = sourcecode.swift; path = ViewController.swift; sourceTree = "<group>"; };
		87160E7F259AC52F002E4D0A /* Base */ = {isa = PBXFileReference; lastKnownFileType = file.storyboard; name = Base; path = Base.lproj/Main.storyboard; sourceTree = "<group>"; };
		87160E81259AC530002E4D0A /* Assets.xcassets */ = {isa = PBXFileReference; lastKnownFileType = folder.assetcatalog; path = Assets.xcassets; sourceTree = "<group>"; };
		87160E84259AC530002E4D0A /* Base */ = {isa = PBXFileReference; lastKnownFileType = file.storyboard; name = Base; path = Base.lproj/LaunchScreen.storyboard; sourceTree = "<group>"; };
		87160E86259AC530002E4D0A /* Info.plist */ = {isa = PBXFileReference; lastKnownFileType = text.plist.xml; path = Info.plist; sourceTree = "<group>"; };
		87160E8E259AC774002E4D0A /* ChartViewController.swift */ = {isa = PBXFileReference; lastKnownFileType = sourcecode.swift; path = ChartViewController.swift; sourceTree = "<group>"; };
		8DB6F4CBE87D95898652CB80 /* Pods-ChartDemo.release.xcconfig */ = {isa = PBXFileReference; includeInIndex = 1; lastKnownFileType = text.xcconfig; name = "Pods-ChartDemo.release.xcconfig"; path = "Target Support Files/Pods-ChartDemo/Pods-ChartDemo.release.xcconfig"; sourceTree = "<group>"; };
		FB82DC2EA3E6D3E898E72B63 /* Pods-ChartDemo.debug.xcconfig */ = {isa = PBXFileReference; includeInIndex = 1; lastKnownFileType = text.xcconfig; name = "Pods-ChartDemo.debug.xcconfig"; path = "Target Support Files/Pods-ChartDemo/Pods-ChartDemo.debug.xcconfig"; sourceTree = "<group>"; };
/* End PBXFileReference section */

/* Begin PBXFrameworksBuildPhase section */
		87160E72259AC52F002E4D0A /* Frameworks */ = {
			isa = PBXFrameworksBuildPhase;
			buildActionMask = 2147483647;
			files = (
				9623244B8EDEFBFBB358F056 /* Pods_ChartDemo.framework in Frameworks */,
			);
			runOnlyForDeploymentPostprocessing = 0;
		};
/* End PBXFrameworksBuildPhase section */

/* Begin PBXGroup section */
		2F13289EA4912F430A7A1E3E /* Pods */ = {
			isa = PBXGroup;
			children = (
				FB82DC2EA3E6D3E898E72B63 /* Pods-ChartDemo.debug.xcconfig */,
				8DB6F4CBE87D95898652CB80 /* Pods-ChartDemo.release.xcconfig */,
			);
			path = Pods;
			sourceTree = "<group>";
		};
		56C42AC45A459635164E3569 /* Frameworks */ = {
			isa = PBXGroup;
			children = (
				4F1C1603D5D7601315DA3AFF /* Pods_ChartDemo.framework */,
			);
			name = Frameworks;
			sourceTree = "<group>";
		};
		87160E6C259AC52F002E4D0A = {
			isa = PBXGroup;
			children = (
				87160E77259AC52F002E4D0A /* ChartDemo */,
				87160E76259AC52F002E4D0A /* Products */,
				2F13289EA4912F430A7A1E3E /* Pods */,
				56C42AC45A459635164E3569 /* Frameworks */,
			);
			sourceTree = "<group>";
		};
		87160E76259AC52F002E4D0A /* Products */ = {
			isa = PBXGroup;
			children = (
				87160E75259AC52F002E4D0A /* ChartDemo.app */,
			);
			name = Products;
			sourceTree = "<group>";
		};
		87160E77259AC52F002E4D0A /* ChartDemo */ = {
			isa = PBXGroup;
			children = (
				87160E78259AC52F002E4D0A /* AppDelegate.swift */,
				87160E7A259AC52F002E4D0A /* SceneDelegate.swift */,
				87160E7C259AC52F002E4D0A /* ViewController.swift */,
				87160E7E259AC52F002E4D0A /* Main.storyboard */,
				87160E81259AC530002E4D0A /* Assets.xcassets */,
				87160E83259AC530002E4D0A /* LaunchScreen.storyboard */,
				87160E86259AC530002E4D0A /* Info.plist */,
				87160E8E259AC774002E4D0A /* ChartViewController.swift */,
			);
			path = ChartDemo;
			sourceTree = "<group>";
		};
/* End PBXGroup section */

/* Begin PBXNativeTarget section */
		87160E74259AC52F002E4D0A /* ChartDemo */ = {
			isa = PBXNativeTarget;
			buildConfigurationList = 87160E89259AC530002E4D0A /* Build configuration list for PBXNativeTarget "ChartDemo" */;
			buildPhases = (
				05458890AD87F46EB2D56441 /* [CP] Check Pods Manifest.lock */,
				87160E71259AC52F002E4D0A /* Sources */,
				87160E72259AC52F002E4D0A /* Frameworks */,
				87160E73259AC52F002E4D0A /* Resources */,
				F065A34B49535BFD9E0517E0 /* [CP] Embed Pods Frameworks */,
			);
			buildRules = (
			);
			dependencies = (
			);
			name = ChartDemo;
			productName = ChartDemo;
			productReference = 87160E75259AC52F002E4D0A /* ChartDemo.app */;
			productType = "com.apple.product-type.application";
		};
/* End PBXNativeTarget section */

/* Begin PBXProject section */
		87160E6D259AC52F002E4D0A /* Project object */ = {
			isa = PBXProject;
			attributes = {
				LastSwiftUpdateCheck = 1220;
				LastUpgradeCheck = 1220;
				TargetAttributes = {
					87160E74259AC52F002E4D0A = {
						CreatedOnToolsVersion = 12.2;
					};
				};
			};
			buildConfigurationList = 87160E70259AC52F002E4D0A /* Build configuration list for PBXProject "ChartDemo" */;
			compatibilityVersion = "Xcode 9.3";
			developmentRegion = en;
			hasScannedForEncodings = 0;
			knownRegions = (
				en,
				Base,
			);
			mainGroup = 87160E6C259AC52F002E4D0A;
			productRefGroup = 87160E76259AC52F002E4D0A /* Products */;
			projectDirPath = "";
			projectRoot = "";
			targets = (
				87160E74259AC52F002E4D0A /* ChartDemo */,
			);
		};
/* End PBXProject section */

/* Begin PBXResourcesBuildPhase section */
		87160E73259AC52F002E4D0A /* Resources */ = {
			isa = PBXResourcesBuildPhase;
			buildActionMask = 2147483647;
			files = (
				87160E85259AC530002E4D0A /* LaunchScreen.storyboard in Resources */,
				87160E82259AC530002E4D0A /* Assets.xcassets in Resources */,
				87160E80259AC52F002E4D0A /* Main.storyboard in Resources */,
			);
			runOnlyForDeploymentPostprocessing = 0;
		};
/* End PBXResourcesBuildPhase section */

/* Begin PBXShellScriptBuildPhase section */
		05458890AD87F46EB2D56441 /* [CP] Check Pods Manifest.lock */ = {
			isa = PBXShellScriptBuildPhase;
			buildActionMask = 2147483647;
			files = (
			);
			inputFileListPaths = (
			);
			inputPaths = (
				"${PODS_PODFILE_DIR_PATH}/Podfile.lock",
				"${PODS_ROOT}/Manifest.lock",
			);
			name = "[CP] Check Pods Manifest.lock";
			outputFileListPaths = (
			);
			outputPaths = (
				"$(DERIVED_FILE_DIR)/Pods-ChartDemo-checkManifestLockResult.txt",
			);
			runOnlyForDeploymentPostprocessing = 0;
			shellPath = /bin/sh;
			shellScript = "diff \"${PODS_PODFILE_DIR_PATH}/Podfile.lock\" \"${PODS_ROOT}/Manifest.lock\" > /dev/null\nif [ $? != 0 ] ; then\n    # print error to STDERR\n    echo \"error: The sandbox is not in sync with the Podfile.lock. Run 'pod install' or update your CocoaPods installation.\" >&2\n    exit 1\nfi\n# This output is used by Xcode 'outputs' to avoid re-running this script phase.\necho \"SUCCESS\" > \"${SCRIPT_OUTPUT_FILE_0}\"\n";
			showEnvVarsInLog = 0;
		};
		F065A34B49535BFD9E0517E0 /* [CP] Embed Pods Frameworks */ = {
			isa = PBXShellScriptBuildPhase;
			buildActionMask = 2147483647;
			files = (
			);
			inputFileListPaths = (
				"${PODS_ROOT}/Target Support Files/Pods-ChartDemo/Pods-ChartDemo-frameworks-${CONFIGURATION}-input-files.xcfilelist",
			);
			name = "[CP] Embed Pods Frameworks";
			outputFileListPaths = (
				"${PODS_ROOT}/Target Support Files/Pods-ChartDemo/Pods-ChartDemo-frameworks-${CONFIGURATION}-output-files.xcfilelist",
			);
			runOnlyForDeploymentPostprocessing = 0;
			shellPath = /bin/sh;
			shellScript = "\"${PODS_ROOT}/Target Support Files/Pods-ChartDemo/Pods-ChartDemo-frameworks.sh\"\n";
			showEnvVarsInLog = 0;
		};
/* End PBXShellScriptBuildPhase section */

/* Begin PBXSourcesBuildPhase section */
		87160E71259AC52F002E4D0A /* Sources */ = {
			isa = PBXSourcesBuildPhase;
			buildActionMask = 2147483647;
			files = (
				87160E7D259AC52F002E4D0A /* ViewController.swift in Sources */,
				87160E8F259AC774002E4D0A /* ChartViewController.swift in Sources */,
				87160E79259AC52F002E4D0A /* AppDelegate.swift in Sources */,
				87160E7B259AC52F002E4D0A /* SceneDelegate.swift in Sources */,
			);
			runOnlyForDeploymentPostprocessing = 0;
		};
/* End PBXSourcesBuildPhase section */

/* Begin PBXVariantGroup section */
		87160E7E259AC52F002E4D0A /* Main.storyboard */ = {
			isa = PBXVariantGroup;
			children = (
				87160E7F259AC52F002E4D0A /* Base */,
			);
			name = Main.storyboard;
			sourceTree = "<group>";
		};
		87160E83259AC530002E4D0A /* LaunchScreen.storyboard */ = {
			isa = PBXVariantGroup;
			children = (
				87160E84259AC530002E4D0A /* Base */,
			);
			name = LaunchScreen.storyboard;
			sourceTree = "<group>";
		};
/* End PBXVariantGroup section */

/* Begin XCBuildConfiguration section */
		87160E87259AC530002E4D0A /* Debug */ = {
			isa = XCBuildConfiguration;
			buildSettings = {
				ALWAYS_SEARCH_USER_PATHS = NO;
				CLANG_ANALYZER_NONNULL = YES;
				CLANG_ANALYZER_NUMBER_OBJECT_CONVERSION = YES_AGGRESSIVE;
				CLANG_CXX_LANGUAGE_STANDARD = "gnu++14";
				CLANG_CXX_LIBRARY = "libc++";
				CLANG_ENABLE_MODULES = YES;
				CLANG_ENABLE_OBJC_ARC = YES;
				CLANG_ENABLE_OBJC_WEAK = YES;
				CLANG_WARN_BLOCK_CAPTURE_AUTORELEASING = YES;
				CLANG_WARN_BOOL_CONVERSION = YES;
				CLANG_WARN_COMMA = YES;
				CLANG_WARN_CONSTANT_CONVERSION = YES;
				CLANG_WARN_DEPRECATED_OBJC_IMPLEMENTATIONS = YES;
				CLANG_WARN_DIRECT_OBJC_ISA_USAGE = YES_ERROR;
				CLANG_WARN_DOCUMENTATION_COMMENTS = YES;
				CLANG_WARN_EMPTY_BODY = YES;
				CLANG_WARN_ENUM_CONVERSION = YES;
				CLANG_WARN_INFINITE_RECURSION = YES;
				CLANG_WARN_INT_CONVERSION = YES;
				CLANG_WARN_NON_LITERAL_NULL_CONVERSION = YES;
				CLANG_WARN_OBJC_IMPLICIT_RETAIN_SELF = YES;
				CLANG_WARN_OBJC_LITERAL_CONVERSION = YES;
				CLANG_WARN_OBJC_ROOT_CLASS = YES_ERROR;
				CLANG_WARN_QUOTED_INCLUDE_IN_FRAMEWORK_HEADER = YES;
				CLANG_WARN_RANGE_LOOP_ANALYSIS = YES;
				CLANG_WARN_STRICT_PROTOTYPES = YES;
				CLANG_WARN_SUSPICIOUS_MOVE = YES;
				CLANG_WARN_UNGUARDED_AVAILABILITY = YES_AGGRESSIVE;
				CLANG_WARN_UNREACHABLE_CODE = YES;
				CLANG_WARN__DUPLICATE_METHOD_MATCH = YES;
				COPY_PHASE_STRIP = NO;
				DEBUG_INFORMATION_FORMAT = dwarf;
				ENABLE_STRICT_OBJC_MSGSEND = YES;
				ENABLE_TESTABILITY = YES;
				GCC_C_LANGUAGE_STANDARD = gnu11;
				GCC_DYNAMIC_NO_PIC = NO;
				GCC_NO_COMMON_BLOCKS = YES;
				GCC_OPTIMIZATION_LEVEL = 0;
				GCC_PREPROCESSOR_DEFINITIONS = (
					"DEBUG=1",
					"$(inherited)",
				);
				GCC_WARN_64_TO_32_BIT_CONVERSION = YES;
				GCC_WARN_ABOUT_RETURN_TYPE = YES_ERROR;
				GCC_WARN_UNDECLARED_SELECTOR = YES;
				GCC_WARN_UNINITIALIZED_AUTOS = YES_AGGRESSIVE;
				GCC_WARN_UNUSED_FUNCTION = YES;
				GCC_WARN_UNUSED_VARIABLE = YES;
				IPHONEOS_DEPLOYMENT_TARGET = 14.2;
				MTL_ENABLE_DEBUG_INFO = INCLUDE_SOURCE;
				MTL_FAST_MATH = YES;
				ONLY_ACTIVE_ARCH = YES;
				SDKROOT = iphoneos;
				SWIFT_ACTIVE_COMPILATION_CONDITIONS = DEBUG;
				SWIFT_OPTIMIZATION_LEVEL = "-Onone";
			};
			name = Debug;
		};
		87160E88259AC530002E4D0A /* Release */ = {
			isa = XCBuildConfiguration;
			buildSettings = {
				ALWAYS_SEARCH_USER_PATHS = NO;
				CLANG_ANALYZER_NONNULL = YES;
				CLANG_ANALYZER_NUMBER_OBJECT_CONVERSION = YES_AGGRESSIVE;
				CLANG_CXX_LANGUAGE_STANDARD = "gnu++14";
				CLANG_CXX_LIBRARY = "libc++";
				CLANG_ENABLE_MODULES = YES;
				CLANG_ENABLE_OBJC_ARC = YES;
				CLANG_ENABLE_OBJC_WEAK = YES;
				CLANG_WARN_BLOCK_CAPTURE_AUTORELEASING = YES;
				CLANG_WARN_BOOL_CONVERSION = YES;
				CLANG_WARN_COMMA = YES;
				CLANG_WARN_CONSTANT_CONVERSION = YES;
				CLANG_WARN_DEPRECATED_OBJC_IMPLEMENTATIONS = YES;
				CLANG_WARN_DIRECT_OBJC_ISA_USAGE = YES_ERROR;
				CLANG_WARN_DOCUMENTATION_COMMENTS = YES;
				CLANG_WARN_EMPTY_BODY = YES;
				CLANG_WARN_ENUM_CONVERSION = YES;
				CLANG_WARN_INFINITE_RECURSION = YES;
				CLANG_WARN_INT_CONVERSION = YES;
				CLANG_WARN_NON_LITERAL_NULL_CONVERSION = YES;
				CLANG_WARN_OBJC_IMPLICIT_RETAIN_SELF = YES;
				CLANG_WARN_OBJC_LITERAL_CONVERSION = YES;
				CLANG_WARN_OBJC_ROOT_CLASS = YES_ERROR;
				CLANG_WARN_QUOTED_INCLUDE_IN_FRAMEWORK_HEADER = YES;
				CLANG_WARN_RANGE_LOOP_ANALYSIS = YES;
				CLANG_WARN_STRICT_PROTOTYPES = YES;
				CLANG_WARN_SUSPICIOUS_MOVE = YES;
				CLANG_WARN_UNGUARDED_AVAILABILITY = YES_AGGRESSIVE;
				CLANG_WARN_UNREACHABLE_CODE = YES;
				CLANG_WARN__DUPLICATE_METHOD_MATCH = YES;
				COPY_PHASE_STRIP = NO;
				DEBUG_INFORMATION_FORMAT = "dwarf-with-dsym";
				ENABLE_NS_ASSERTIONS = NO;
				ENABLE_STRICT_OBJC_MSGSEND = YES;
				GCC_C_LANGUAGE_STANDARD = gnu11;
				GCC_NO_COMMON_BLOCKS = YES;
				GCC_WARN_64_TO_32_BIT_CONVERSION = YES;
				GCC_WARN_ABOUT_RETURN_TYPE = YES_ERROR;
				GCC_WARN_UNDECLARED_SELECTOR = YES;
				GCC_WARN_UNINITIALIZED_AUTOS = YES_AGGRESSIVE;
				GCC_WARN_UNUSED_FUNCTION = YES;
				GCC_WARN_UNUSED_VARIABLE = YES;
				IPHONEOS_DEPLOYMENT_TARGET = 14.2;
				MTL_ENABLE_DEBUG_INFO = NO;
				MTL_FAST_MATH = YES;
				SDKROOT = iphoneos;
				SWIFT_COMPILATION_MODE = wholemodule;
				SWIFT_OPTIMIZATION_LEVEL = "-O";
				VALIDATE_PRODUCT = YES;
			};
			name = Release;
		};
		87160E8A259AC530002E4D0A /* Debug */ = {
			isa = XCBuildConfiguration;
			baseConfigurationReference = FB82DC2EA3E6D3E898E72B63 /* Pods-ChartDemo.debug.xcconfig */;
			buildSettings = {
				ASSETCATALOG_COMPILER_APPICON_NAME = AppIcon;
				ASSETCATALOG_COMPILER_GLOBAL_ACCENT_COLOR_NAME = AccentColor;
				CODE_SIGN_STYLE = Automatic;
				DEVELOPMENT_TEAM = J3W53ZGJ94;
				INFOPLIST_FILE = ChartDemo/Info.plist;
				LD_RUNPATH_SEARCH_PATHS = (
					"$(inherited)",
					"@executable_path/Frameworks",
				);
				PRODUCT_BUNDLE_IDENTIFIER = com.mkumar.ChartDemo;
				PRODUCT_NAME = "$(TARGET_NAME)";
				SWIFT_VERSION = 5.0;
				TARGETED_DEVICE_FAMILY = "1,2";
			};
			name = Debug;
		};
		87160E8B259AC530002E4D0A /* Release */ = {
			isa = XCBuildConfiguration;
			baseConfigurationReference = 8DB6F4CBE87D95898652CB80 /* Pods-ChartDemo.release.xcconfig */;
			buildSettings = {
				ASSETCATALOG_COMPILER_APPICON_NAME = AppIcon;
				ASSETCATALOG_COMPILER_GLOBAL_ACCENT_COLOR_NAME = AccentColor;
				CODE_SIGN_STYLE = Automatic;
				DEVELOPMENT_TEAM = J3W53ZGJ94;
				INFOPLIST_FILE = ChartDemo/Info.plist;
				LD_RUNPATH_SEARCH_PATHS = (
					"$(inherited)",
					"@executable_path/Frameworks",
				);
				PRODUCT_BUNDLE_IDENTIFIER = com.mkumar.ChartDemo;
				PRODUCT_NAME = "$(TARGET_NAME)";
				SWIFT_VERSION = 5.0;
				TARGETED_DEVICE_FAMILY = "1,2";
			};
			name = Release;
		};
/* End XCBuildConfiguration section */

/* Begin XCConfigurationList section */
		87160E70259AC52F002E4D0A /* Build configuration list for PBXProject "ChartDemo" */ = {
			isa = XCConfigurationList;
			buildConfigurations = (
				87160E87259AC530002E4D0A /* Debug */,
				87160E88259AC530002E4D0A /* Release */,
			);
			defaultConfigurationIsVisible = 0;
			defaultConfigurationName = Release;
		};
		87160E89259AC530002E4D0A /* Build configuration list for PBXNativeTarget "ChartDemo" */ = {
			isa = XCConfigurationList;
			buildConfigurations = (
				87160E8A259AC530002E4D0A /* Debug */,
				87160E8B259AC530002E4D0A /* Release */,
			);
			defaultConfigurationIsVisible = 0;
			defaultConfigurationName = Release;
		};
/* End XCConfigurationList section */
	};
	rootObject = 87160E6D259AC52F002E4D0A /* Project object */;
}
